{
  "nodes": {
    "home-manager": {
      "inputs": {
        "nixpkgs": [
          "nixpkgs"
        ]
      },
      "locked": {
        "lastModified": 1730633670,
        "narHash": "sha256-ZFJqIXpvVKvzOVFKWNRDyIyAo+GYdmEPaYi1bZB6uf0=",
        "owner": "nix-community",
        "repo": "home-manager",
        "rev": "8f6ca7855d409aeebe2a582c6fd6b6a8d0bf5661",
        "type": "github"
      },
      "original": {
        "owner": "nix-community",
        "repo": "home-manager",
        "type": "github"
      }
    },
    "nixpkgs": {
      "locked": {
        "lastModified": 1730531603,
        "narHash": "sha256-Dqg6si5CqIzm87sp57j5nTaeBbWhHFaVyG7V6L8k3lY=",
        "owner": "nixos",
        "repo": "nixpkgs",
        "rev": "7ffd9ae656aec493492b44d0ddfb28e79a1ea25d",
        "type": "github"
      },
      "original": {
        "owner": "nixos",
        "ref": "nixos-unstable",
        "repo": "nixpkgs",
        "type": "github"
      }
    },
    "nvchad-starter": {
      "flake": false,
      "locked": {
        "lastModified": 1728129783,
        "narHash": "sha256-SVpep7lVX0isYsUtscvgA7Ga3YXt/2jwQQCYkYadjiM=",
        "owner": "NvChad",
        "repo": "starter",
        "rev": "d0c602f5f155d4d1261609219e9b8a61e936d681",
        "type": "github"
      },
      "original": {
        "owner": "NvChad",
        "ref": "main",
        "repo": "starter",
        "type": "github"
      }
    },
    "nvchad4nix": {
      "inputs": {
        "nixpkgs": [
          "nixpkgs"
        ],
        "nvchad-starter": "nvchad-starter"
      },
      "locked": {
        "lastModified": 1730782222,
        "narHash": "sha256-81X0sVnao2/LswiQt+W3unOWkDWZIJjzcBNzA6quQew=",
        "owner": "nix-community",
        "repo": "nix4nvchad",
        "rev": "7b02bf0df00a3a9a3d660e7e7bb9dd381d959f49",
        "type": "github"
      },
      "original": {
        "owner": "nix-community",
        "repo": "nix4nvchad",
        "type": "github"
      }
    },
    "root": {
      "inputs": {
        "home-manager": "home-manager",
        "nixpkgs": "nixpkgs",
        "nvchad4nix": "nvchad4nix"
      }
    }
  },
  "root": "root",
  "version": 7
}
